
Microsoft Visual Studio Solution File, Format Version 12.00
# Visual Studio Version 17
VisualStudioVersion = 17.0.31903.59
MinimumVisualStudioVersion = 10.0.40219.1
Project("{9A19103F-16F7-4668-BE54-9A1E7A4F7556}") = "AIConductor.Core", "AIConductor.Core\AIConductor.Core.csproj", "{FF3C23EE-0740-4DC4-A95A-CEB80C2D8D50}"
EndProject
Project("{9A19103F-16F7-4668-BE54-9A1E7A4F7556}") = "AIConductor.GUI", "AIConductor.GUI\AIConductor.GUI.csproj", "{E3771FBE-F751-49E1-A1C3-BDBDDC156610}"
EndProject
Project("{9A19103F-16F7-4668-BE54-9A1E7A4F7556}") = "AIConductor.Core.Tests", "..\test\AIConductor.Core.Tests\AIConductor.Core.Tests.csproj", "{09BAD78B-B4AF-41E4-A118-976129DA11FD}"
EndProject
Project("{2150E333-8FDC-42A3-9474-1A3956D46DE8}") = "Tests", "Tests", "{6F6286E2-0DA9-47D7-B34D-3A06024FB859}"
EndProject
Project("{FAE04EC0-301F-11D3-BF4B-00C04F79EFBC}") = "AIConductor.Interfaces", "AIConductor.Interfaces\AIConductor.Interfaces.csproj", "{F735139A-AA3F-4CE8-BEC5-CA5932EA980D}"
EndProject
Project("{FAE04EC0-301F-11D3-BF4B-00C04F79EFBC}") = "AIConductor.Agents", "AIConductor.Agents\AIConductor.Agents.csproj", "{C1026A76-3F2A-4271-B584-C793AF7E21BC}"
EndProject
Project("{FAE04EC0-301F-11D3-BF4B-00C04F79EFBC}") = "AIConductor.Tasks", "AIConductor.Tasks\AIConductor.Tasks.csproj", "{7380081F-805D-4B6D-8BA0-43F8F0D439D3}"
EndProject
Project("{FAE04EC0-301F-11D3-BF4B-00C04F79EFBC}") = "AIConductor.Tools", "AIConductor.Tools\AIConductor.Tools.csproj", "{6328424E-0A52-466B-9786-97A7C2B43A9F}"
EndProject
Project("{2150E333-8FDC-42A3-9474-1A3956D46DE8}") = "Plugins", "Plugins", "{F592F892-14C7-40AD-98D8-E4663D961043}"
EndProject
Project("{2150E333-8FDC-42A3-9474-1A3956D46DE8}") = "Core", "Core", "{6F33CE82-6507-460D-9FB9-0B51F4ABAFE8}"
EndProject
Project("{2150E333-8FDC-42A3-9474-1A3956D46DE8}") = "Client", "Client", "{79A96C7E-A1CA-4C3D-9A8F-C5DDC2142109}"
EndProject
Project("{FAE04EC0-301F-11D3-BF4B-00C04F79EFBC}") = "AIConductor.Teams", "AIConductor.Teams\AIConductor.Teams.csproj", "{12D73C15-239A-4A5C-A794-F39BFB2A2992}"
EndProject
Global
	GlobalSection(SolutionConfigurationPlatforms) = preSolution
		Debug|Any CPU = Debug|Any CPU
		Release|Any CPU = Release|Any CPU
	EndGlobalSection
	GlobalSection(ProjectConfigurationPlatforms) = postSolution
		{FF3C23EE-0740-4DC4-A95A-CEB80C2D8D50}.Debug|Any CPU.ActiveCfg = Debug|Any CPU
		{FF3C23EE-0740-4DC4-A95A-CEB80C2D8D50}.Debug|Any CPU.Build.0 = Debug|Any CPU
		{FF3C23EE-0740-4DC4-A95A-CEB80C2D8D50}.Release|Any CPU.ActiveCfg = Release|Any CPU
		{FF3C23EE-0740-4DC4-A95A-CEB80C2D8D50}.Release|Any CPU.Build.0 = Release|Any CPU
		{E3771FBE-F751-49E1-A1C3-BDBDDC156610}.Debug|Any CPU.ActiveCfg = Debug|Any CPU
		{E3771FBE-F751-49E1-A1C3-BDBDDC156610}.Debug|Any CPU.Build.0 = Debug|Any CPU
		{E3771FBE-F751-49E1-A1C3-BDBDDC156610}.Release|Any CPU.ActiveCfg = Release|Any CPU
		{E3771FBE-F751-49E1-A1C3-BDBDDC156610}.Release|Any CPU.Build.0 = Release|Any CPU
		{09BAD78B-B4AF-41E4-A118-976129DA11FD}.Debug|Any CPU.ActiveCfg = Debug|Any CPU
		{09BAD78B-B4AF-41E4-A118-976129DA11FD}.Debug|Any CPU.Build.0 = Debug|Any CPU
		{09BAD78B-B4AF-41E4-A118-976129DA11FD}.Release|Any CPU.ActiveCfg = Release|Any CPU
		{09BAD78B-B4AF-41E4-A118-976129DA11FD}.Release|Any CPU.Build.0 = Release|Any CPU
		{F735139A-AA3F-4CE8-BEC5-CA5932EA980D}.Debug|Any CPU.ActiveCfg = Debug|Any CPU
		{F735139A-AA3F-4CE8-BEC5-CA5932EA980D}.Debug|Any CPU.Build.0 = Debug|Any CPU
		{F735139A-AA3F-4CE8-BEC5-CA5932EA980D}.Release|Any CPU.ActiveCfg = Release|Any CPU
		{F735139A-AA3F-4CE8-BEC5-CA5932EA980D}.Release|Any CPU.Build.0 = Release|Any CPU
		{C1026A76-3F2A-4271-B584-C793AF7E21BC}.Debug|Any CPU.ActiveCfg = Debug|Any CPU
		{C1026A76-3F2A-4271-B584-C793AF7E21BC}.Debug|Any CPU.Build.0 = Debug|Any CPU
		{C1026A76-3F2A-4271-B584-C793AF7E21BC}.Release|Any CPU.ActiveCfg = Release|Any CPU
		{C1026A76-3F2A-4271-B584-C793AF7E21BC}.Release|Any CPU.Build.0 = Release|Any CPU
		{7380081F-805D-4B6D-8BA0-43F8F0D439D3}.Debug|Any CPU.ActiveCfg = Debug|Any CPU
		{7380081F-805D-4B6D-8BA0-43F8F0D439D3}.Debug|Any CPU.Build.0 = Debug|Any CPU
		{7380081F-805D-4B6D-8BA0-43F8F0D439D3}.Release|Any CPU.ActiveCfg = Release|Any CPU
		{7380081F-805D-4B6D-8BA0-43F8F0D439D3}.Release|Any CPU.Build.0 = Release|Any CPU
		{6328424E-0A52-466B-9786-97A7C2B43A9F}.Debug|Any CPU.ActiveCfg = Debug|Any CPU
		{6328424E-0A52-466B-9786-97A7C2B43A9F}.Debug|Any CPU.Build.0 = Debug|Any CPU
		{6328424E-0A52-466B-9786-97A7C2B43A9F}.Release|Any CPU.ActiveCfg = Release|Any CPU
		{6328424E-0A52-466B-9786-97A7C2B43A9F}.Release|Any CPU.Build.0 = Release|Any CPU
		{12D73C15-239A-4A5C-A794-F39BFB2A2992}.Debug|Any CPU.ActiveCfg = Debug|Any CPU
		{12D73C15-239A-4A5C-A794-F39BFB2A2992}.Debug|Any CPU.Build.0 = Debug|Any CPU
		{12D73C15-239A-4A5C-A794-F39BFB2A2992}.Release|Any CPU.ActiveCfg = Release|Any CPU
		{12D73C15-239A-4A5C-A794-F39BFB2A2992}.Release|Any CPU.Build.0 = Release|Any CPU
	EndGlobalSection
	GlobalSection(SolutionProperties) = preSolution
		HideSolutionNode = FALSE
	EndGlobalSection
	GlobalSection(NestedProjects) = preSolution
		{FF3C23EE-0740-4DC4-A95A-CEB80C2D8D50} = {6F33CE82-6507-460D-9FB9-0B51F4ABAFE8}
		{E3771FBE-F751-49E1-A1C3-BDBDDC156610} = {79A96C7E-A1CA-4C3D-9A8F-C5DDC2142109}
		{09BAD78B-B4AF-41E4-A118-976129DA11FD} = {6F6286E2-0DA9-47D7-B34D-3A06024FB859}
		{F735139A-AA3F-4CE8-BEC5-CA5932EA980D} = {6F33CE82-6507-460D-9FB9-0B51F4ABAFE8}
		{C1026A76-3F2A-4271-B584-C793AF7E21BC} = {F592F892-14C7-40AD-98D8-E4663D961043}
		{7380081F-805D-4B6D-8BA0-43F8F0D439D3} = {F592F892-14C7-40AD-98D8-E4663D961043}
		{6328424E-0A52-466B-9786-97A7C2B43A9F} = {F592F892-14C7-40AD-98D8-E4663D961043}
		{12D73C15-239A-4A5C-A794-F39BFB2A2992} = {F592F892-14C7-40AD-98D8-E4663D961043}
	EndGlobalSection
	GlobalSection(ExtensibilityGlobals) = postSolution
		SolutionGuid = {F217DD4F-06FB-45C2-8D33-BB0805EE7B7C}
	EndGlobalSection
EndGlobal
